
Microsoft Visual Studio Solution File, Format Version 12.00
# Visual Studio Version 16
VisualStudioVersion = 16.0.31702.278
MinimumVisualStudioVersion = 10.0.40219.1
Project("{9A19103F-16F7-4668-BE54-9A1E7A4F7556}") = "HealthTrackerAPI", "HealthTrackerAPI.csproj", "{13E3885C-1FD0-4D06-A584-D978E443592D}"
EndProject
Project("{FAE04EC0-301F-11D3-BF4B-00C04F79EFBC}") = "HealthTracker.Core", "..\HealthTracker.core\HealthTracker.Core.csproj", "{1717A1BE-02CC-4DC2-974C-CA42923285AD}"
EndProject
Project("{FAE04EC0-301F-11D3-BF4B-00C04F79EFBC}") = "HealthTracker.Data", "..\HealthTracker.Data\HealthTracker.Data.csproj", "{967F2F73-7D18-4960-8210-0FCF5574FAC0}"
EndProject
Global
	GlobalSection(SolutionConfigurationPlatforms) = preSolution
		Debug|Any CPU = Debug|Any CPU
		Release|Any CPU = Release|Any CPU
	EndGlobalSection
	GlobalSection(ProjectConfigurationPlatforms) = postSolution
		{13E3885C-1FD0-4D06-A584-D978E443592D}.Debug|Any CPU.ActiveCfg = Debug|Any CPU
		{13E3885C-1FD0-4D06-A584-D978E443592D}.Debug|Any CPU.Build.0 = Debug|Any CPU
		{13E3885C-1FD0-4D06-A584-D978E443592D}.Release|Any CPU.ActiveCfg = Release|Any CPU
		{13E3885C-1FD0-4D06-A584-D978E443592D}.Release|Any CPU.Build.0 = Release|Any CPU
		{1717A1BE-02CC-4DC2-974C-CA42923285AD}.Debug|Any CPU.ActiveCfg = Debug|Any CPU
		{1717A1BE-02CC-4DC2-974C-CA42923285AD}.Debug|Any CPU.Build.0 = Debug|Any CPU
		{1717A1BE-02CC-4DC2-974C-CA42923285AD}.Release|Any CPU.ActiveCfg = Release|Any CPU
		{1717A1BE-02CC-4DC2-974C-CA42923285AD}.Release|Any CPU.Build.0 = Release|Any CPU
		{967F2F73-7D18-4960-8210-0FCF5574FAC0}.Debug|Any CPU.ActiveCfg = Debug|Any CPU
		{967F2F73-7D18-4960-8210-0FCF5574FAC0}.Debug|Any CPU.Build.0 = Debug|Any CPU
		{967F2F73-7D18-4960-8210-0FCF5574FAC0}.Release|Any CPU.ActiveCfg = Release|Any CPU
		{967F2F73-7D18-4960-8210-0FCF5574FAC0}.Release|Any CPU.Build.0 = Release|Any CPU
	EndGlobalSection
	GlobalSection(SolutionProperties) = preSolution
		HideSolutionNode = FALSE
	EndGlobalSection
	GlobalSection(ExtensibilityGlobals) = postSolution
		SolutionGuid = {F484B976-94AF-4625-8E55-A57F0D0C5F1B}
	EndGlobalSection
EndGlobal
